
Microsoft Visual Studio Solution File, Format Version 12.00
# Visual Studio Version 17
VisualStudioVersion = 17.10.35004.147
MinimumVisualStudioVersion = 10.0.40219.1
Project("{9A19103F-16F7-4668-BE54-9A1E7A4F7556}") = "mywinui3app", "mywinui3app\mywinui3app.csproj", "{B9F2D624-8F24-46CE-B6D8-68D997C39ACB}"
EndProject
Project("{9A19103F-16F7-4668-BE54-9A1E7A4F7556}") = "mywinui3app.Core", "mywinui3app.Core\mywinui3app.Core.csproj", "{A20A8A01-58E9-4773-A264-94B53FCEDAED}"
EndProject
Project("{C7167F0D-BC9F-4E6E-AFE1-012C56B48DB5}") = "mywinui3appInstaller", "mywinui3appInstaller\mywinui3appInstaller.wapproj", "{CE14A376-B2E0-4E9C-9CE0-8C81D993776A}"
EndProject
Global
	GlobalSection(SolutionConfigurationPlatforms) = preSolution
		Debug|Any CPU = Debug|Any CPU
		Debug|ARM = Debug|ARM
		Debug|arm64 = Debug|arm64
		Debug|x64 = Debug|x64
		Debug|x86 = Debug|x86
		Release|Any CPU = Release|Any CPU
		Release|ARM = Release|ARM
		Release|arm64 = Release|arm64
		Release|x64 = Release|x64
		Release|x86 = Release|x86
	EndGlobalSection
	GlobalSection(ProjectConfigurationPlatforms) = postSolution
		{B9F2D624-8F24-46CE-B6D8-68D997C39ACB}.Debug|Any CPU.ActiveCfg = Debug|x64
		{B9F2D624-8F24-46CE-B6D8-68D997C39ACB}.Debug|Any CPU.Build.0 = Debug|x64
		{B9F2D624-8F24-46CE-B6D8-68D997C39ACB}.Debug|Any CPU.Deploy.0 = Debug|x64
		{B9F2D624-8F24-46CE-B6D8-68D997C39ACB}.Debug|ARM.ActiveCfg = Debug|x64
		{B9F2D624-8F24-46CE-B6D8-68D997C39ACB}.Debug|ARM.Build.0 = Debug|x64
		{B9F2D624-8F24-46CE-B6D8-68D997C39ACB}.Debug|arm64.ActiveCfg = Debug|arm64
		{B9F2D624-8F24-46CE-B6D8-68D997C39ACB}.Debug|arm64.Build.0 = Debug|arm64
		{B9F2D624-8F24-46CE-B6D8-68D997C39ACB}.Debug|arm64.Deploy.0 = Debug|arm64
		{B9F2D624-8F24-46CE-B6D8-68D997C39ACB}.Debug|x64.ActiveCfg = Debug|x64
		{B9F2D624-8F24-46CE-B6D8-68D997C39ACB}.Debug|x64.Build.0 = Debug|x64
		{B9F2D624-8F24-46CE-B6D8-68D997C39ACB}.Debug|x64.Deploy.0 = Debug|x64
		{B9F2D624-8F24-46CE-B6D8-68D997C39ACB}.Debug|x86.ActiveCfg = Debug|x86
		{B9F2D624-8F24-46CE-B6D8-68D997C39ACB}.Debug|x86.Build.0 = Debug|x86
		{B9F2D624-8F24-46CE-B6D8-68D997C39ACB}.Debug|x86.Deploy.0 = Debug|x86
		{B9F2D624-8F24-46CE-B6D8-68D997C39ACB}.Release|Any CPU.ActiveCfg = Release|x64
		{B9F2D624-8F24-46CE-B6D8-68D997C39ACB}.Release|Any CPU.Build.0 = Release|x64
		{B9F2D624-8F24-46CE-B6D8-68D997C39ACB}.Release|Any CPU.Deploy.0 = Release|x64
		{B9F2D624-8F24-46CE-B6D8-68D997C39ACB}.Release|ARM.ActiveCfg = Release|x64
		{B9F2D624-8F24-46CE-B6D8-68D997C39ACB}.Release|ARM.Build.0 = Release|x64
		{B9F2D624-8F24-46CE-B6D8-68D997C39ACB}.Release|arm64.ActiveCfg = Release|arm64
		{B9F2D624-8F24-46CE-B6D8-68D997C39ACB}.Release|arm64.Build.0 = Release|arm64
		{B9F2D624-8F24-46CE-B6D8-68D997C39ACB}.Release|arm64.Deploy.0 = Release|arm64
		{B9F2D624-8F24-46CE-B6D8-68D997C39ACB}.Release|x64.ActiveCfg = Release|x64
		{B9F2D624-8F24-46CE-B6D8-68D997C39ACB}.Release|x64.Build.0 = Release|x64
		{B9F2D624-8F24-46CE-B6D8-68D997C39ACB}.Release|x64.Deploy.0 = Release|x64
		{B9F2D624-8F24-46CE-B6D8-68D997C39ACB}.Release|x86.ActiveCfg = Release|x86
		{B9F2D624-8F24-46CE-B6D8-68D997C39ACB}.Release|x86.Build.0 = Release|x86
		{B9F2D624-8F24-46CE-B6D8-68D997C39ACB}.Release|x86.Deploy.0 = Release|x86
		{A20A8A01-58E9-4773-A264-94B53FCEDAED}.Debug|Any CPU.ActiveCfg = Debug|Any CPU
		{A20A8A01-58E9-4773-A264-94B53FCEDAED}.Debug|Any CPU.Build.0 = Debug|Any CPU
		{A20A8A01-58E9-4773-A264-94B53FCEDAED}.Debug|ARM.ActiveCfg = Debug|Any CPU
		{A20A8A01-58E9-4773-A264-94B53FCEDAED}.Debug|ARM.Build.0 = Debug|Any CPU
		{A20A8A01-58E9-4773-A264-94B53FCEDAED}.Debug|arm64.ActiveCfg = Debug|arm64
		{A20A8A01-58E9-4773-A264-94B53FCEDAED}.Debug|arm64.Build.0 = Debug|arm64
		{A20A8A01-58E9-4773-A264-94B53FCEDAED}.Debug|x64.ActiveCfg = Debug|x64
		{A20A8A01-58E9-4773-A264-94B53FCEDAED}.Debug|x64.Build.0 = Debug|x64
		{A20A8A01-58E9-4773-A264-94B53FCEDAED}.Debug|x86.ActiveCfg = Debug|x86
		{A20A8A01-58E9-4773-A264-94B53FCEDAED}.Debug|x86.Build.0 = Debug|x86
		{A20A8A01-58E9-4773-A264-94B53FCEDAED}.Release|Any CPU.ActiveCfg = Release|Any CPU
		{A20A8A01-58E9-4773-A264-94B53FCEDAED}.Release|Any CPU.Build.0 = Release|Any CPU
		{A20A8A01-58E9-4773-A264-94B53FCEDAED}.Release|ARM.ActiveCfg = Release|Any CPU
		{A20A8A01-58E9-4773-A264-94B53FCEDAED}.Release|ARM.Build.0 = Release|Any CPU
		{A20A8A01-58E9-4773-A264-94B53FCEDAED}.Release|arm64.ActiveCfg = Release|arm64
		{A20A8A01-58E9-4773-A264-94B53FCEDAED}.Release|arm64.Build.0 = Release|arm64
		{A20A8A01-58E9-4773-A264-94B53FCEDAED}.Release|x64.ActiveCfg = Release|x64
		{A20A8A01-58E9-4773-A264-94B53FCEDAED}.Release|x64.Build.0 = Release|x64
		{A20A8A01-58E9-4773-A264-94B53FCEDAED}.Release|x86.ActiveCfg = Release|x86
		{A20A8A01-58E9-4773-A264-94B53FCEDAED}.Release|x86.Build.0 = Release|x86
		{CE14A376-B2E0-4E9C-9CE0-8C81D993776A}.Debug|Any CPU.ActiveCfg = Debug|Any CPU
		{CE14A376-B2E0-4E9C-9CE0-8C81D993776A}.Debug|Any CPU.Build.0 = Debug|Any CPU
		{CE14A376-B2E0-4E9C-9CE0-8C81D993776A}.Debug|Any CPU.Deploy.0 = Debug|Any CPU
		{CE14A376-B2E0-4E9C-9CE0-8C81D993776A}.Debug|ARM.ActiveCfg = Debug|ARM
		{CE14A376-B2E0-4E9C-9CE0-8C81D993776A}.Debug|ARM.Build.0 = Debug|ARM
		{CE14A376-B2E0-4E9C-9CE0-8C81D993776A}.Debug|ARM.Deploy.0 = Debug|ARM
		{CE14A376-B2E0-4E9C-9CE0-8C81D993776A}.Debug|arm64.ActiveCfg = Debug|ARM64
		{CE14A376-B2E0-4E9C-9CE0-8C81D993776A}.Debug|arm64.Build.0 = Debug|ARM64
		{CE14A376-B2E0-4E9C-9CE0-8C81D993776A}.Debug|arm64.Deploy.0 = Debug|ARM64
		{CE14A376-B2E0-4E9C-9CE0-8C81D993776A}.Debug|x64.ActiveCfg = Debug|x64
		{CE14A376-B2E0-4E9C-9CE0-8C81D993776A}.Debug|x64.Build.0 = Debug|x64
		{CE14A376-B2E0-4E9C-9CE0-8C81D993776A}.Debug|x64.Deploy.0 = Debug|x64
		{CE14A376-B2E0-4E9C-9CE0-8C81D993776A}.Debug|x86.ActiveCfg = Debug|x86
		{CE14A376-B2E0-4E9C-9CE0-8C81D993776A}.Debug|x86.Build.0 = Debug|x86
		{CE14A376-B2E0-4E9C-9CE0-8C81D993776A}.Debug|x86.Deploy.0 = Debug|x86
		{CE14A376-B2E0-4E9C-9CE0-8C81D993776A}.Release|Any CPU.ActiveCfg = Release|Any CPU
		{CE14A376-B2E0-4E9C-9CE0-8C81D993776A}.Release|Any CPU.Build.0 = Release|Any CPU
		{CE14A376-B2E0-4E9C-9CE0-8C81D993776A}.Release|Any CPU.Deploy.0 = Release|Any CPU
		{CE14A376-B2E0-4E9C-9CE0-8C81D993776A}.Release|ARM.ActiveCfg = Release|ARM
		{CE14A376-B2E0-4E9C-9CE0-8C81D993776A}.Release|ARM.Build.0 = Release|ARM
		{CE14A376-B2E0-4E9C-9CE0-8C81D993776A}.Release|ARM.Deploy.0 = Release|ARM
		{CE14A376-B2E0-4E9C-9CE0-8C81D993776A}.Release|arm64.ActiveCfg = Release|ARM64
		{CE14A376-B2E0-4E9C-9CE0-8C81D993776A}.Release|arm64.Build.0 = Release|ARM64
		{CE14A376-B2E0-4E9C-9CE0-8C81D993776A}.Release|arm64.Deploy.0 = Release|ARM64
		{CE14A376-B2E0-4E9C-9CE0-8C81D993776A}.Release|x64.ActiveCfg = Release|x64
		{CE14A376-B2E0-4E9C-9CE0-8C81D993776A}.Release|x64.Build.0 = Release|x64
		{CE14A376-B2E0-4E9C-9CE0-8C81D993776A}.Release|x64.Deploy.0 = Release|x64
		{CE14A376-B2E0-4E9C-9CE0-8C81D993776A}.Release|x86.ActiveCfg = Release|x86
		{CE14A376-B2E0-4E9C-9CE0-8C81D993776A}.Release|x86.Build.0 = Release|x86
		{CE14A376-B2E0-4E9C-9CE0-8C81D993776A}.Release|x86.Deploy.0 = Release|x86
	EndGlobalSection
	GlobalSection(SolutionProperties) = preSolution
		HideSolutionNode = FALSE
	EndGlobalSection
	GlobalSection(ExtensibilityGlobals) = postSolution
		SolutionGuid = {D1869B99-E580-4DB0-81B5-7FE760291A94}
	EndGlobalSection
EndGlobal
